<?xml version="1.0" encoding="utf-8"?>
<Project ToolsVersion="4.0" xmlns="http://schemas.microsoft.com/developer/msbuild/2003">
  <ItemGroup>
    <Filter Include="Source Files">
      <UniqueIdentifier>{4FC737F1-C7A5-4376-A066-2A32D752A2FF}</UniqueIdentifier>
      <Extensions>cpp;c;cc;cxx;def;odl;idl;hpj;bat;asm;asmx</Extensions>
    </Filter>
    <Filter Include="Header Files">
      <UniqueIdentifier>{93995380-89BD-4b04-88EB-625FBE52EBFB}</UniqueIdentifier>
      <Extensions>h;hh;hpp;hxx;hm;inl;inc;xsd</Extensions>
    </Filter>
    <Filter Include="Resource Files">
      <UniqueIdentifier>{67DA6AB6-F800-4c08-8B7A-83BB121AAD01}</UniqueIdentifier>
      <Extensions>rc;ico;cur;bmp;dlg;rc2;rct;bin;rgs;gif;jpg;jpeg;jpe;resx;tiff;tif;png;wav;mfcribbon-ms</Extensions>
    </Filter>
    <Filter Include="Source Files\deps">
      <UniqueIdentifier>{c7e489c6-d145-49fe-a5e0-44f2ff8dff41}</UniqueIdentifier>
    </Filter>
    <Filter Include="Source Files\deps\upng">
      <UniqueIdentifier>{66b7b807-49c2-44c5-a0e4-1550ef8b56e8}</UniqueIdentifier>
    </Filter>
  </ItemGroup>
  <ItemGroup>
    <ClCompile Include="..\..\opengl-test\bmp-loader.cpp">
      <Filter>Source Files</Filter>
    </ClCompile>
    <ClCompile Include="..\..\opengl-test\byte-order.cpp">
      <Filter>Source Files</Filter>
    </ClCompile>
    <ClCompile Include="..\..\opengl-test\dds-loader.cpp">
      <Filter>Source Files</Filter>
    </ClCompile>
    <ClCompile Include="..\..\opengl-test\depth-pass.cpp">
      <Filter>Source Files</Filter>
    </ClCompile>
    <ClCompile Include="..\..\opengl-test\direction-light-shader.cpp">
      <Filter>Source Files</Filter>
    </ClCompile>
    <ClCompile Include="..\..\opengl-test\eng-actor.cpp">
      <Filter>Source Files</Filter>
    </ClCompile>
    <ClCompile Include="..\..\opengl-test\eng-camera.cpp">
      <Filter>Source Files</Filter>
    </ClCompile>
    <ClCompile Include="..\..\opengl-test\eng-object.cpp">
      <Filter>Source Files</Filter>
    </ClCompile>
    <ClCompile Include="..\..\opengl-test\entity.cpp">
      <Filter>Source Files</Filter>
    </ClCompile>
    <ClCompile Include="..\..\opengl-test\env-map.cpp">
      <Filter>Source Files</Filter>
    </ClCompile>
    <ClCompile Include="..\..\opengl-test\exr-loader.cpp">
      <Filter>Source Files</Filter>
    </ClCompile>
    <ClCompile Include="..\..\opengl-test\fps-camera.cpp">
      <Filter>Source Files</Filter>
    </ClCompile>
    <ClCompile Include="..\..\opengl-test\image-format-string.cpp">
      <Filter>Source Files</Filter>
    </ClCompile>
    <ClCompile Include="..\..\opengl-test\img-loader.cpp">
      <Filter>Source Files</Filter>
    </ClCompile>
    <ClCompile Include="..\..\opengl-test\ktx-loader.cpp">
      <Filter>Source Files</Filter>
    </ClCompile>
    <ClCompile Include="..\..\opengl-test\manager.cpp">
      <Filter>Source Files</Filter>
    </ClCompile>
    <ClCompile Include="..\..\opengl-test\material.cpp">
      <Filter>Source Files</Filter>
    </ClCompile>
    <ClCompile Include="..\..\opengl-test\material-change.cpp">
      <Filter>Source Files</Filter>
    </ClCompile>
    <ClCompile Include="..\..\opengl-test\material-manager.cpp">
      <Filter>Source Files</Filter>
    </ClCompile>
    <ClCompile Include="..\..\opengl-test\mesh.cpp">
      <Filter>Source Files</Filter>
    </ClCompile>
    <ClCompile Include="..\..\opengl-test\mesh-component.cpp">
      <Filter>Source Files</Filter>
    </ClCompile>
    <ClCompile Include="..\..\opengl-test\mesh-manager.cpp">
      <Filter>Source Files</Filter>
    </ClCompile>
    <ClCompile Include="..\..\opengl-test\obj-loader.cpp">
      <Filter>Source Files</Filter>
    </ClCompile>
    <ClCompile Include="..\..\opengl-test\opengl-test.cpp">
      <Filter>Source Files</Filter>
    </ClCompile>
    <ClCompile Include="..\..\opengl-test\png-loader.cpp">
      <Filter>Source Files</Filter>
    </ClCompile>
    <ClCompile Include="..\..\opengl-test\point-light-component.cpp">
      <Filter>Source Files</Filter>
    </ClCompile>
    <ClCompile Include="..\..\opengl-test\point-light-shader.cpp">
      <Filter>Source Files</Filter>
    </ClCompile>
    <ClCompile Include="..\..\opengl-test\position-component.cpp">
      <Filter>Source Files</Filter>
    </ClCompile>
    <ClCompile Include="..\..\opengl-test\rotation-component.cpp">
      <Filter>Source Files</Filter>
    </ClCompile>
    <ClCompile Include="..\..\opengl-test\shader-manager.cpp">
      <Filter>Source Files</Filter>
    </ClCompile>
    <ClCompile Include="..\..\opengl-test\shadowmap-component.cpp">
      <Filter>Source Files</Filter>
    </ClCompile>
    <ClCompile Include="..\..\opengl-test\spot-light-component.cpp">
      <Filter>Source Files</Filter>
    </ClCompile>
    <ClCompile Include="..\..\opengl-test\spot-light-shader.cpp">
      <Filter>Source Files</Filter>
    </ClCompile>
    <ClCompile Include="..\..\opengl-test\spot-shadow-shader.cpp">
      <Filter>Source Files</Filter>
    </ClCompile>
    <ClCompile Include="..\..\opengl-test\texture-manager.cpp">
      <Filter>Source Files</Filter>
    </ClCompile>
    <ClCompile Include="..\..\deps\upng\upng.c">
      <Filter>Source Files\deps\upng</Filter>
    </ClCompile>
    <ClCompile Include="..\..\opengl-test\env-probe-shader.cpp">
      <Filter>Source Files</Filter>
    </ClCompile>
    <ClCompile Include="..\..\opengl-test\env-map-manager.cpp">
      <Filter>Source Files</Filter>
    </ClCompile>
    <ClCompile Include="..\..\opengl-test\scene-manager.cpp">
      <Filter>Source Files</Filter>
    </ClCompile>
    <ClCompile Include="..\..\opengl-test\json.cpp">
      <Filter>Source Files</Filter>
    </ClCompile>
    <ClCompile Include="..\..\opengl-test\entity-type.cpp">
      <Filter>Source Files</Filter>
    </ClCompile>
  </ItemGroup>
  <ItemGroup>
    <ClInclude Include="..\..\deps\upng\upng.h">
      <Filter>Source Files\deps\upng</Filter>
    </ClInclude>
    <ClInclude Include="..\..\opengl-test\byte-order.h">
      <Filter>Header Files</Filter>
    </ClInclude>
    <ClInclude Include="..\..\opengl-test\component.h">
      <Filter>Header Files</Filter>
    </ClInclude>
    <ClInclude Include="..\..\opengl-test\depth-pass.h">
      <Filter>Header Files</Filter>
    </ClInclude>
    <ClInclude Include="..\..\opengl-test\direction-light-shader.h">
      <Filter>Header Files</Filter>
    </ClInclude>
    <ClInclude Include="..\..\opengl-test\engine-result.h">
      <Filter>Header Files</Filter>
    </ClInclude>
    <ClInclude Include="..\..\opengl-test\engine-v2.h">
      <Filter>Header Files</Filter>
    </ClInclude>
    <ClInclude Include="..\..\opengl-test\entity.h">
      <Filter>Header Files</Filter>
    </ClInclude>
    <ClInclude Include="..\..\opengl-test\env-map.h">
      <Filter>Header Files</Filter>
    </ClInclude>
    <ClInclude Include="..\..\opengl-test\json.h">
      <Filter>Header Files</Filter>
    </ClInclude>
    <ClInclude Include="..\..\opengl-test\manager.h">
      <Filter>Header Files</Filter>
    </ClInclude>
    <ClInclude Include="..\..\opengl-test\material.h">
      <Filter>Header Files</Filter>
    </ClInclude>
    <ClInclude Include="..\..\opengl-test\material-manager.h">
      <Filter>Header Files</Filter>
    </ClInclude>
    <ClInclude Include="..\..\opengl-test\material-param.h">
      <Filter>Header Files</Filter>
    </ClInclude>
    <ClInclude Include="..\..\opengl-test\material-shader.h">
      <Filter>Header Files</Filter>
    </ClInclude>
    <ClInclude Include="..\..\opengl-test\math-vector.h">
      <Filter>Header Files</Filter>
    </ClInclude>
    <ClInclude Include="..\..\opengl-test\mesh.h">
      <Filter>Header Files</Filter>
    </ClInclude>
    <ClInclude Include="..\..\opengl-test\mesh-action.h">
      <Filter>Header Files</Filter>
    </ClInclude>
    <ClInclude Include="..\..\opengl-test\mesh-component.h">
      <Filter>Header Files</Filter>
    </ClInclude>
    <ClInclude Include="..\..\opengl-test\mesh-manager.h">
      <Filter>Header Files</Filter>
    </ClInclude>
    <ClInclude Include="..\..\opengl-test\object-error.h">
      <Filter>Header Files</Filter>
    </ClInclude>
    <ClInclude Include="..\..\opengl-test\point-light-component.h">
      <Filter>Header Files</Filter>
    </ClInclude>
    <ClInclude Include="..\..\opengl-test\point-light-shader.h">
      <Filter>Header Files</Filter>
    </ClInclude>
    <ClInclude Include="..\..\opengl-test\position-component.h">
      <Filter>Header Files</Filter>
    </ClInclude>
    <ClInclude Include="..\..\opengl-test\rotation-component.h">
      <Filter>Header Files</Filter>
    </ClInclude>
    <ClInclude Include="..\..\opengl-test\shader.h">
      <Filter>Header Files</Filter>
    </ClInclude>
    <ClInclude Include="..\..\opengl-test\shader-manager.h">
      <Filter>Header Files</Filter>
    </ClInclude>
    <ClInclude Include="..\..\opengl-test\shader-program.h">
      <Filter>Header Files</Filter>
    </ClInclude>
    <ClInclude Include="..\..\opengl-test\shadowmap-component.h">
      <Filter>Header Files</Filter>
    </ClInclude>
    <ClInclude Include="..\..\opengl-test\spot-light-component.h">
      <Filter>Header Files</Filter>
    </ClInclude>
    <ClInclude Include="..\..\opengl-test\spot-light-shader.h">
      <Filter>Header Files</Filter>
    </ClInclude>
    <ClInclude Include="..\..\opengl-test\spot-shadow-shader.h">
      <Filter>Header Files</Filter>
    </ClInclude>
    <ClInclude Include="..\..\opengl-test\texture.h">
      <Filter>Header Files</Filter>
    </ClInclude>
    <ClInclude Include="..\..\opengl-test\texture-handle.h">
      <Filter>Header Files</Filter>
    </ClInclude>
    <ClInclude Include="..\..\opengl-test\texture-manager.h">
      <Filter>Header Files</Filter>
    </ClInclude>
    <ClInclude Include="..\..\opengl-test\texture-options.h">
      <Filter>Header Files</Filter>
    </ClInclude>
    <ClInclude Include="..\..\opengl-test\camera.h">
      <Filter>Header Files</Filter>
    </ClInclude>
    <ClInclude Include="..\..\opengl-test\engine-object.h">
      <Filter>Header Files</Filter>
    </ClInclude>
    <ClInclude Include="..\..\opengl-test\basic-types.h">
      <Filter>Header Files</Filter>
    </ClInclude>
    <ClInclude Include="..\..\opengl-test\env-probe-shader.h">
      <Filter>Header Files</Filter>
    </ClInclude>
    <ClInclude Include="..\..\opengl-test\env-map-manager.h">
      <Filter>Header Files</Filter>
    </ClInclude>
    <ClInclude Include="..\..\opengl-test\render-params.h">
      <Filter>Header Files</Filter>
    </ClInclude>
    <ClInclude Include="..\..\opengl-test\scene-manager.h">
      <Filter>Header Files</Filter>
    </ClInclude>
    <ClInclude Include="..\..\opengl-test\entity-type.h">
      <Filter>Header Files</Filter>
    </ClInclude>
  </ItemGroup>
</Project>